
Microsoft Visual Studio Solution File, Format Version 12.00
# Visual Studio Version 17
VisualStudioVersion = 17.5.33516.290
MinimumVisualStudioVersion = 10.0.40219.1
Project("{9A19103F-16F7-4668-BE54-9A1E7A4F7556}") = "SampleAppManager", "SampleAppManager.csproj", "{5C1B69C1-DCDD-4378-913D-E2FE3DD30911}"
EndProject
Project("{FAE04EC0-301F-11D3-BF4B-00C04F79EFBC}") = "app_manager_startup", "..\app_manager_startup\app_manager_startup.csproj", "{6B4E349C-7E7A-4648-BA12-05124A15D608}"
	ProjectSection(ProjectDependencies) = postProject
		{5C1B69C1-DCDD-4378-913D-E2FE3DD30911} = {5C1B69C1-DCDD-4378-913D-E2FE3DD30911}
	EndProjectSection
EndProject
Global
	GlobalSection(SolutionConfigurationPlatforms) = preSolution
		Debug|Any CPU = Debug|Any CPU
		Release|Any CPU = Release|Any CPU
	EndGlobalSection
	GlobalSection(ProjectConfigurationPlatforms) = postSolution
		{5C1B69C1-DCDD-4378-913D-E2FE3DD30911}.Debug|Any CPU.ActiveCfg = Debug|Any CPU
		{5C1B69C1-DCDD-4378-913D-E2FE3DD30911}.Debug|Any CPU.Build.0 = Debug|Any CPU
		{5C1B69C1-DCDD-4378-913D-E2FE3DD30911}.Release|Any CPU.ActiveCfg = Release|Any CPU
		{5C1B69C1-DCDD-4378-913D-E2FE3DD30911}.Release|Any CPU.Build.0 = Release|Any CPU
		{6B4E349C-7E7A-4648-BA12-05124A15D608}.Debug|Any CPU.ActiveCfg = Debug|Any CPU
		{6B4E349C-7E7A-4648-BA12-05124A15D608}.Debug|Any CPU.Build.0 = Debug|Any CPU
		{6B4E349C-7E7A-4648-BA12-05124A15D608}.Release|Any CPU.ActiveCfg = Release|Any CPU
		{6B4E349C-7E7A-4648-BA12-05124A15D608}.Release|Any CPU.Build.0 = Release|Any CPU
	EndGlobalSection
	GlobalSection(SolutionProperties) = preSolution
		HideSolutionNode = FALSE
	EndGlobalSection
	GlobalSection(ExtensibilityGlobals) = postSolution
		SolutionGuid = {5622E4FA-1D3D-4C62-AAC0-13E8F0B8B691}
	EndGlobalSection
EndGlobal
